# THIS IS AN AUTOGENERATED FILE. DO NOT EDIT THIS FILE DIRECTLY.
# yarn lockfile v1


hono@^1.4.2:
  version "1.4.2"
  resolved "https://registry.yarnpkg.com/hono/-/hono-1.4.2.tgz#b368f45d942984c792b9d03804696034b559024c"
  integrity sha512-3Gdb7JPdxPqdJxLhW+IaO+r4PBZDrxO4OEAJUondnNZED98xYl1nnplVdsAYz2ptlMXRuVfqE/6/tdTKBhXAJA==
